
Microsoft Visual Studio Solution File, Format Version 12.00
# Visual Studio 15
VisualStudioVersion = 15.0.28307.136
MinimumVisualStudioVersion = 10.0.40219.1
Project("{FAE04EC0-301F-11D3-BF4B-00C04F79EFBC}") = "pelazem.azure.storage", "pelazem.azure.storage\pelazem.azure.storage.csproj", "{EA859B05-FC54-405B-9D10-3A87CBF966EF}"
EndProject
Project("{FAE04EC0-301F-11D3-BF4B-00C04F79EFBC}") = "pelazem.azure.storage.app", "pelazem.azure.storage.app\pelazem.azure.storage.app.csproj", "{F254EDB6-0CE7-4922-B0FF-237A4C5CDDC0}"
EndProject
Global
	GlobalSection(SolutionConfigurationPlatforms) = preSolution
		Debug|Any CPU = Debug|Any CPU
		Release|Any CPU = Release|Any CPU
	EndGlobalSection
	GlobalSection(ProjectConfigurationPlatforms) = postSolution
		{EA859B05-FC54-405B-9D10-3A87CBF966EF}.Debug|Any CPU.ActiveCfg = Debug|Any CPU
		{EA859B05-FC54-405B-9D10-3A87CBF966EF}.Debug|Any CPU.Build.0 = Debug|Any CPU
		{EA859B05-FC54-405B-9D10-3A87CBF966EF}.Release|Any CPU.ActiveCfg = Release|Any CPU
		{EA859B05-FC54-405B-9D10-3A87CBF966EF}.Release|Any CPU.Build.0 = Release|Any CPU
		{F254EDB6-0CE7-4922-B0FF-237A4C5CDDC0}.Debug|Any CPU.ActiveCfg = Debug|Any CPU
		{F254EDB6-0CE7-4922-B0FF-237A4C5CDDC0}.Debug|Any CPU.Build.0 = Debug|Any CPU
		{F254EDB6-0CE7-4922-B0FF-237A4C5CDDC0}.Release|Any CPU.ActiveCfg = Release|Any CPU
		{F254EDB6-0CE7-4922-B0FF-237A4C5CDDC0}.Release|Any CPU.Build.0 = Release|Any CPU
	EndGlobalSection
	GlobalSection(SolutionProperties) = preSolution
		HideSolutionNode = FALSE
	EndGlobalSection
	GlobalSection(ExtensibilityGlobals) = postSolution
		SolutionGuid = {8F30E42B-5E4C-44D0-B2F7-D851395191BE}
	EndGlobalSection
EndGlobal
